
Microsoft Visual Studio Solution File, Format Version 12.00
# Visual Studio 14
VisualStudioVersion = 14.0.25123.0
MinimumVisualStudioVersion = 10.0.40219.1
Project("{FAE04EC0-301F-11D3-BF4B-00C04F79EFBC}") = "XFControls.Droid", "XFControls\XFControls.Droid\XFControls.Droid.csproj", "{B792D301-BA00-4923-82B8-BAE7856D2A90}"
EndProject
Project("{FAE04EC0-301F-11D3-BF4B-00C04F79EFBC}") = "XFControls.iOS", "XFControls\XFControls.iOS\XFControls.iOS.csproj", "{82EFEF27-E462-47E4-893B-30DD1A53978B}"
EndProject
Project("{FAE04EC0-301F-11D3-BF4B-00C04F79EFBC}") = "XFControls.WinPhone", "XFControls\XFControls.WinPhone\XFControls.WinPhone.csproj", "{63402E58-89B4-499B-BBA0-A4CFCEEDC92F}"
EndProject
Project("{FAE04EC0-301F-11D3-BF4B-00C04F79EFBC}") = "XFControls.UWP", "XFControls\XFControls.UWP\XFControls.UWP.csproj", "{8ACD4133-ACF8-4107-9291-9AE1CCE43B98}"
EndProject
Project("{FAE04EC0-301F-11D3-BF4B-00C04F79EFBC}") = "XFControls.Windows", "XFControls\XFControls.Windows\XFControls.Windows.csproj", "{20DD5489-2F0F-48A1-A8BE-1C91A385C887}"
EndProject
Project("{FAE04EC0-301F-11D3-BF4B-00C04F79EFBC}") = "XFControls", "XFControls\XFControls\XFControls.csproj", "{79560413-C32A-4A74-91D9-D3BEDC68B3F7}"
EndProject
Global
	GlobalSection(SolutionConfigurationPlatforms) = preSolution
		Ad-Hoc|Any CPU = Ad-Hoc|Any CPU
		Ad-Hoc|ARM = Ad-Hoc|ARM
		Ad-Hoc|iPhone = Ad-Hoc|iPhone
		Ad-Hoc|iPhoneSimulator = Ad-Hoc|iPhoneSimulator
		Ad-Hoc|x64 = Ad-Hoc|x64
		Ad-Hoc|x86 = Ad-Hoc|x86
		AppStore|Any CPU = AppStore|Any CPU
		AppStore|ARM = AppStore|ARM
		AppStore|iPhone = AppStore|iPhone
		AppStore|iPhoneSimulator = AppStore|iPhoneSimulator
		AppStore|x64 = AppStore|x64
		AppStore|x86 = AppStore|x86
		Debug|Any CPU = Debug|Any CPU
		Debug|ARM = Debug|ARM
		Debug|iPhone = Debug|iPhone
		Debug|iPhoneSimulator = Debug|iPhoneSimulator
		Debug|x64 = Debug|x64
		Debug|x86 = Debug|x86
		Release|Any CPU = Release|Any CPU
		Release|ARM = Release|ARM
		Release|iPhone = Release|iPhone
		Release|iPhoneSimulator = Release|iPhoneSimulator
		Release|x64 = Release|x64
		Release|x86 = Release|x86
	EndGlobalSection
	GlobalSection(ProjectConfigurationPlatforms) = postSolution
		{B792D301-BA00-4923-82B8-BAE7856D2A90}.Ad-Hoc|Any CPU.ActiveCfg = Release|Any CPU
		{B792D301-BA00-4923-82B8-BAE7856D2A90}.Ad-Hoc|Any CPU.Build.0 = Release|Any CPU
		{B792D301-BA00-4923-82B8-BAE7856D2A90}.Ad-Hoc|Any CPU.Deploy.0 = Release|Any CPU
		{B792D301-BA00-4923-82B8-BAE7856D2A90}.Ad-Hoc|ARM.ActiveCfg = Release|Any CPU
		{B792D301-BA00-4923-82B8-BAE7856D2A90}.Ad-Hoc|ARM.Build.0 = Release|Any CPU
		{B792D301-BA00-4923-82B8-BAE7856D2A90}.Ad-Hoc|ARM.Deploy.0 = Release|Any CPU
		{B792D301-BA00-4923-82B8-BAE7856D2A90}.Ad-Hoc|iPhone.ActiveCfg = Release|Any CPU
		{B792D301-BA00-4923-82B8-BAE7856D2A90}.Ad-Hoc|iPhone.Build.0 = Release|Any CPU
		{B792D301-BA00-4923-82B8-BAE7856D2A90}.Ad-Hoc|iPhone.Deploy.0 = Release|Any CPU
		{B792D301-BA00-4923-82B8-BAE7856D2A90}.Ad-Hoc|iPhoneSimulator.ActiveCfg = Release|Any CPU
		{B792D301-BA00-4923-82B8-BAE7856D2A90}.Ad-Hoc|iPhoneSimulator.Build.0 = Release|Any CPU
		{B792D301-BA00-4923-82B8-BAE7856D2A90}.Ad-Hoc|iPhoneSimulator.Deploy.0 = Release|Any CPU
		{B792D301-BA00-4923-82B8-BAE7856D2A90}.Ad-Hoc|x64.ActiveCfg = Release|Any CPU
		{B792D301-BA00-4923-82B8-BAE7856D2A90}.Ad-Hoc|x64.Build.0 = Release|Any CPU
		{B792D301-BA00-4923-82B8-BAE7856D2A90}.Ad-Hoc|x64.Deploy.0 = Release|Any CPU
		{B792D301-BA00-4923-82B8-BAE7856D2A90}.Ad-Hoc|x86.ActiveCfg = Release|Any CPU
		{B792D301-BA00-4923-82B8-BAE7856D2A90}.Ad-Hoc|x86.Build.0 = Release|Any CPU
		{B792D301-BA00-4923-82B8-BAE7856D2A90}.Ad-Hoc|x86.Deploy.0 = Release|Any CPU
		{B792D301-BA00-4923-82B8-BAE7856D2A90}.AppStore|Any CPU.ActiveCfg = Release|Any CPU
		{B792D301-BA00-4923-82B8-BAE7856D2A90}.AppStore|Any CPU.Build.0 = Release|Any CPU
		{B792D301-BA00-4923-82B8-BAE7856D2A90}.AppStore|Any CPU.Deploy.0 = Release|Any CPU
		{B792D301-BA00-4923-82B8-BAE7856D2A90}.AppStore|ARM.ActiveCfg = Release|Any CPU
		{B792D301-BA00-4923-82B8-BAE7856D2A90}.AppStore|ARM.Build.0 = Release|Any CPU
		{B792D301-BA00-4923-82B8-BAE7856D2A90}.AppStore|ARM.Deploy.0 = Release|Any CPU
		{B792D301-BA00-4923-82B8-BAE7856D2A90}.AppStore|iPhone.ActiveCfg = Release|Any CPU
		{B792D301-BA00-4923-82B8-BAE7856D2A90}.AppStore|iPhone.Build.0 = Release|Any CPU
		{B792D301-BA00-4923-82B8-BAE7856D2A90}.AppStore|iPhone.Deploy.0 = Release|Any CPU
		{B792D301-BA00-4923-82B8-BAE7856D2A90}.AppStore|iPhoneSimulator.ActiveCfg = Release|Any CPU
		{B792D301-BA00-4923-82B8-BAE7856D2A90}.AppStore|iPhoneSimulator.Build.0 = Release|Any CPU
		{B792D301-BA00-4923-82B8-BAE7856D2A90}.AppStore|iPhoneSimulator.Deploy.0 = Release|Any CPU
		{B792D301-BA00-4923-82B8-BAE7856D2A90}.AppStore|x64.ActiveCfg = Release|Any CPU
		{B792D301-BA00-4923-82B8-BAE7856D2A90}.AppStore|x64.Build.0 = Release|Any CPU
		{B792D301-BA00-4923-82B8-BAE7856D2A90}.AppStore|x64.Deploy.0 = Release|Any CPU
		{B792D301-BA00-4923-82B8-BAE7856D2A90}.AppStore|x86.ActiveCfg = Release|Any CPU
		{B792D301-BA00-4923-82B8-BAE7856D2A90}.AppStore|x86.Build.0 = Release|Any CPU
		{B792D301-BA00-4923-82B8-BAE7856D2A90}.AppStore|x86.Deploy.0 = Release|Any CPU
		{B792D301-BA00-4923-82B8-BAE7856D2A90}.Debug|Any CPU.ActiveCfg = Debug|Any CPU
		{B792D301-BA00-4923-82B8-BAE7856D2A90}.Debug|Any CPU.Build.0 = Debug|Any CPU
		{B792D301-BA00-4923-82B8-BAE7856D2A90}.Debug|Any CPU.Deploy.0 = Debug|Any CPU
		{B792D301-BA00-4923-82B8-BAE7856D2A90}.Debug|ARM.ActiveCfg = Debug|Any CPU
		{B792D301-BA00-4923-82B8-BAE7856D2A90}.Debug|ARM.Build.0 = Debug|Any CPU
		{B792D301-BA00-4923-82B8-BAE7856D2A90}.Debug|ARM.Deploy.0 = Debug|Any CPU
		{B792D301-BA00-4923-82B8-BAE7856D2A90}.Debug|iPhone.ActiveCfg = Debug|Any CPU
		{B792D301-BA00-4923-82B8-BAE7856D2A90}.Debug|iPhone.Build.0 = Debug|Any CPU
		{B792D301-BA00-4923-82B8-BAE7856D2A90}.Debug|iPhone.Deploy.0 = Debug|Any CPU
		{B792D301-BA00-4923-82B8-BAE7856D2A90}.Debug|iPhoneSimulator.ActiveCfg = Debug|Any CPU
		{B792D301-BA00-4923-82B8-BAE7856D2A90}.Debug|iPhoneSimulator.Build.0 = Debug|Any CPU
		{B792D301-BA00-4923-82B8-BAE7856D2A90}.Debug|iPhoneSimulator.Deploy.0 = Debug|Any CPU
		{B792D301-BA00-4923-82B8-BAE7856D2A90}.Debug|x64.ActiveCfg = Debug|Any CPU
		{B792D301-BA00-4923-82B8-BAE7856D2A90}.Debug|x64.Build.0 = Debug|Any CPU
		{B792D301-BA00-4923-82B8-BAE7856D2A90}.Debug|x64.Deploy.0 = Debug|Any CPU
		{B792D301-BA00-4923-82B8-BAE7856D2A90}.Debug|x86.ActiveCfg = Debug|Any CPU
		{B792D301-BA00-4923-82B8-BAE7856D2A90}.Debug|x86.Build.0 = Debug|Any CPU
		{B792D301-BA00-4923-82B8-BAE7856D2A90}.Debug|x86.Deploy.0 = Debug|Any CPU
		{B792D301-BA00-4923-82B8-BAE7856D2A90}.Release|Any CPU.ActiveCfg = Release|Any CPU
		{B792D301-BA00-4923-82B8-BAE7856D2A90}.Release|Any CPU.Build.0 = Release|Any CPU
		{B792D301-BA00-4923-82B8-BAE7856D2A90}.Release|Any CPU.Deploy.0 = Release|Any CPU
		{B792D301-BA00-4923-82B8-BAE7856D2A90}.Release|ARM.ActiveCfg = Release|Any CPU
		{B792D301-BA00-4923-82B8-BAE7856D2A90}.Release|ARM.Build.0 = Release|Any CPU
		{B792D301-BA00-4923-82B8-BAE7856D2A90}.Release|ARM.Deploy.0 = Release|Any CPU
		{B792D301-BA00-4923-82B8-BAE7856D2A90}.Release|iPhone.ActiveCfg = Release|Any CPU
		{B792D301-BA00-4923-82B8-BAE7856D2A90}.Release|iPhone.Build.0 = Release|Any CPU
		{B792D301-BA00-4923-82B8-BAE7856D2A90}.Release|iPhone.Deploy.0 = Release|Any CPU
		{B792D301-BA00-4923-82B8-BAE7856D2A90}.Release|iPhoneSimulator.ActiveCfg = Release|Any CPU
		{B792D301-BA00-4923-82B8-BAE7856D2A90}.Release|iPhoneSimulator.Build.0 = Release|Any CPU
		{B792D301-BA00-4923-82B8-BAE7856D2A90}.Release|iPhoneSimulator.Deploy.0 = Release|Any CPU
		{B792D301-BA00-4923-82B8-BAE7856D2A90}.Release|x64.ActiveCfg = Release|Any CPU
		{B792D301-BA00-4923-82B8-BAE7856D2A90}.Release|x64.Build.0 = Release|Any CPU
		{B792D301-BA00-4923-82B8-BAE7856D2A90}.Release|x64.Deploy.0 = Release|Any CPU
		{B792D301-BA00-4923-82B8-BAE7856D2A90}.Release|x86.ActiveCfg = Release|Any CPU
		{B792D301-BA00-4923-82B8-BAE7856D2A90}.Release|x86.Build.0 = Release|Any CPU
		{B792D301-BA00-4923-82B8-BAE7856D2A90}.Release|x86.Deploy.0 = Release|Any CPU
		{82EFEF27-E462-47E4-893B-30DD1A53978B}.Ad-Hoc|Any CPU.ActiveCfg = Ad-Hoc|iPhone
		{82EFEF27-E462-47E4-893B-30DD1A53978B}.Ad-Hoc|ARM.ActiveCfg = Ad-Hoc|iPhone
		{82EFEF27-E462-47E4-893B-30DD1A53978B}.Ad-Hoc|iPhone.ActiveCfg = Ad-Hoc|iPhone
		{82EFEF27-E462-47E4-893B-30DD1A53978B}.Ad-Hoc|iPhone.Build.0 = Ad-Hoc|iPhone
		{82EFEF27-E462-47E4-893B-30DD1A53978B}.Ad-Hoc|iPhoneSimulator.ActiveCfg = Ad-Hoc|iPhoneSimulator
		{82EFEF27-E462-47E4-893B-30DD1A53978B}.Ad-Hoc|iPhoneSimulator.Build.0 = Ad-Hoc|iPhoneSimulator
		{82EFEF27-E462-47E4-893B-30DD1A53978B}.Ad-Hoc|x64.ActiveCfg = Ad-Hoc|iPhone
		{82EFEF27-E462-47E4-893B-30DD1A53978B}.Ad-Hoc|x86.ActiveCfg = Ad-Hoc|iPhone
		{82EFEF27-E462-47E4-893B-30DD1A53978B}.AppStore|Any CPU.ActiveCfg = AppStore|iPhone
		{82EFEF27-E462-47E4-893B-30DD1A53978B}.AppStore|ARM.ActiveCfg = AppStore|iPhone
		{82EFEF27-E462-47E4-893B-30DD1A53978B}.AppStore|iPhone.ActiveCfg = AppStore|iPhone
		{82EFEF27-E462-47E4-893B-30DD1A53978B}.AppStore|iPhone.Build.0 = AppStore|iPhone
		{82EFEF27-E462-47E4-893B-30DD1A53978B}.AppStore|iPhoneSimulator.ActiveCfg = AppStore|iPhoneSimulator
		{82EFEF27-E462-47E4-893B-30DD1A53978B}.AppStore|iPhoneSimulator.Build.0 = AppStore|iPhoneSimulator
		{82EFEF27-E462-47E4-893B-30DD1A53978B}.AppStore|x64.ActiveCfg = AppStore|iPhone
		{82EFEF27-E462-47E4-893B-30DD1A53978B}.AppStore|x86.ActiveCfg = AppStore|iPhone
		{82EFEF27-E462-47E4-893B-30DD1A53978B}.Debug|Any CPU.ActiveCfg = Debug|iPhone
		{82EFEF27-E462-47E4-893B-30DD1A53978B}.Debug|ARM.ActiveCfg = Debug|iPhone
		{82EFEF27-E462-47E4-893B-30DD1A53978B}.Debug|iPhone.ActiveCfg = Debug|iPhone
		{82EFEF27-E462-47E4-893B-30DD1A53978B}.Debug|iPhone.Build.0 = Debug|iPhone
		{82EFEF27-E462-47E4-893B-30DD1A53978B}.Debug|iPhoneSimulator.ActiveCfg = Debug|iPhoneSimulator
		{82EFEF27-E462-47E4-893B-30DD1A53978B}.Debug|iPhoneSimulator.Build.0 = Debug|iPhoneSimulator
		{82EFEF27-E462-47E4-893B-30DD1A53978B}.Debug|x64.ActiveCfg = Debug|iPhone
		{82EFEF27-E462-47E4-893B-30DD1A53978B}.Debug|x86.ActiveCfg = Debug|iPhone
		{82EFEF27-E462-47E4-893B-30DD1A53978B}.Release|Any CPU.ActiveCfg = Release|iPhone
		{82EFEF27-E462-47E4-893B-30DD1A53978B}.Release|ARM.ActiveCfg = Release|iPhone
		{82EFEF27-E462-47E4-893B-30DD1A53978B}.Release|iPhone.ActiveCfg = Release|iPhone
		{82EFEF27-E462-47E4-893B-30DD1A53978B}.Release|iPhone.Build.0 = Release|iPhone
		{82EFEF27-E462-47E4-893B-30DD1A53978B}.Release|iPhoneSimulator.ActiveCfg = Release|iPhoneSimulator
		{82EFEF27-E462-47E4-893B-30DD1A53978B}.Release|iPhoneSimulator.Build.0 = Release|iPhoneSimulator
		{82EFEF27-E462-47E4-893B-30DD1A53978B}.Release|x64.ActiveCfg = Release|iPhone
		{82EFEF27-E462-47E4-893B-30DD1A53978B}.Release|x86.ActiveCfg = Release|iPhone
		{63402E58-89B4-499B-BBA0-A4CFCEEDC92F}.Ad-Hoc|Any CPU.ActiveCfg = Release|Any CPU
		{63402E58-89B4-499B-BBA0-A4CFCEEDC92F}.Ad-Hoc|Any CPU.Build.0 = Release|Any CPU
		{63402E58-89B4-499B-BBA0-A4CFCEEDC92F}.Ad-Hoc|Any CPU.Deploy.0 = Release|Any CPU
		{63402E58-89B4-499B-BBA0-A4CFCEEDC92F}.Ad-Hoc|ARM.ActiveCfg = Release|ARM
		{63402E58-89B4-499B-BBA0-A4CFCEEDC92F}.Ad-Hoc|ARM.Build.0 = Release|ARM
		{63402E58-89B4-499B-BBA0-A4CFCEEDC92F}.Ad-Hoc|ARM.Deploy.0 = Release|ARM
		{63402E58-89B4-499B-BBA0-A4CFCEEDC92F}.Ad-Hoc|iPhone.ActiveCfg = Release|Any CPU
		{63402E58-89B4-499B-BBA0-A4CFCEEDC92F}.Ad-Hoc|iPhone.Build.0 = Release|Any CPU
		{63402E58-89B4-499B-BBA0-A4CFCEEDC92F}.Ad-Hoc|iPhone.Deploy.0 = Release|Any CPU
		{63402E58-89B4-499B-BBA0-A4CFCEEDC92F}.Ad-Hoc|iPhoneSimulator.ActiveCfg = Release|Any CPU
		{63402E58-89B4-499B-BBA0-A4CFCEEDC92F}.Ad-Hoc|iPhoneSimulator.Build.0 = Release|Any CPU
		{63402E58-89B4-499B-BBA0-A4CFCEEDC92F}.Ad-Hoc|iPhoneSimulator.Deploy.0 = Release|Any CPU
		{63402E58-89B4-499B-BBA0-A4CFCEEDC92F}.Ad-Hoc|x64.ActiveCfg = Release|Any CPU
		{63402E58-89B4-499B-BBA0-A4CFCEEDC92F}.Ad-Hoc|x64.Build.0 = Release|Any CPU
		{63402E58-89B4-499B-BBA0-A4CFCEEDC92F}.Ad-Hoc|x64.Deploy.0 = Release|Any CPU
		{63402E58-89B4-499B-BBA0-A4CFCEEDC92F}.Ad-Hoc|x86.ActiveCfg = Release|x86
		{63402E58-89B4-499B-BBA0-A4CFCEEDC92F}.Ad-Hoc|x86.Build.0 = Release|x86
		{63402E58-89B4-499B-BBA0-A4CFCEEDC92F}.Ad-Hoc|x86.Deploy.0 = Release|x86
		{63402E58-89B4-499B-BBA0-A4CFCEEDC92F}.AppStore|Any CPU.ActiveCfg = Release|Any CPU
		{63402E58-89B4-499B-BBA0-A4CFCEEDC92F}.AppStore|Any CPU.Build.0 = Release|Any CPU
		{63402E58-89B4-499B-BBA0-A4CFCEEDC92F}.AppStore|Any CPU.Deploy.0 = Release|Any CPU
		{63402E58-89B4-499B-BBA0-A4CFCEEDC92F}.AppStore|ARM.ActiveCfg = Release|ARM
		{63402E58-89B4-499B-BBA0-A4CFCEEDC92F}.AppStore|ARM.Build.0 = Release|ARM
		{63402E58-89B4-499B-BBA0-A4CFCEEDC92F}.AppStore|ARM.Deploy.0 = Release|ARM
		{63402E58-89B4-499B-BBA0-A4CFCEEDC92F}.AppStore|iPhone.ActiveCfg = Release|Any CPU
		{63402E58-89B4-499B-BBA0-A4CFCEEDC92F}.AppStore|iPhone.Build.0 = Release|Any CPU
		{63402E58-89B4-499B-BBA0-A4CFCEEDC92F}.AppStore|iPhone.Deploy.0 = Release|Any CPU
		{63402E58-89B4-499B-BBA0-A4CFCEEDC92F}.AppStore|iPhoneSimulator.ActiveCfg = Release|Any CPU
		{63402E58-89B4-499B-BBA0-A4CFCEEDC92F}.AppStore|iPhoneSimulator.Build.0 = Release|Any CPU
		{63402E58-89B4-499B-BBA0-A4CFCEEDC92F}.AppStore|iPhoneSimulator.Deploy.0 = Release|Any CPU
		{63402E58-89B4-499B-BBA0-A4CFCEEDC92F}.AppStore|x64.ActiveCfg = Release|Any CPU
		{63402E58-89B4-499B-BBA0-A4CFCEEDC92F}.AppStore|x64.Build.0 = Release|Any CPU
		{63402E58-89B4-499B-BBA0-A4CFCEEDC92F}.AppStore|x64.Deploy.0 = Release|Any CPU
		{63402E58-89B4-499B-BBA0-A4CFCEEDC92F}.AppStore|x86.ActiveCfg = Release|x86
		{63402E58-89B4-499B-BBA0-A4CFCEEDC92F}.AppStore|x86.Build.0 = Release|x86
		{63402E58-89B4-499B-BBA0-A4CFCEEDC92F}.AppStore|x86.Deploy.0 = Release|x86
		{63402E58-89B4-499B-BBA0-A4CFCEEDC92F}.Debug|Any CPU.ActiveCfg = Debug|Any CPU
		{63402E58-89B4-499B-BBA0-A4CFCEEDC92F}.Debug|Any CPU.Build.0 = Debug|Any CPU
		{63402E58-89B4-499B-BBA0-A4CFCEEDC92F}.Debug|Any CPU.Deploy.0 = Debug|Any CPU
		{63402E58-89B4-499B-BBA0-A4CFCEEDC92F}.Debug|ARM.ActiveCfg = Debug|ARM
		{63402E58-89B4-499B-BBA0-A4CFCEEDC92F}.Debug|ARM.Build.0 = Debug|ARM
		{63402E58-89B4-499B-BBA0-A4CFCEEDC92F}.Debug|ARM.Deploy.0 = Debug|ARM
		{63402E58-89B4-499B-BBA0-A4CFCEEDC92F}.Debug|iPhone.ActiveCfg = Debug|Any CPU
		{63402E58-89B4-499B-BBA0-A4CFCEEDC92F}.Debug|iPhone.Build.0 = Debug|Any CPU
		{63402E58-89B4-499B-BBA0-A4CFCEEDC92F}.Debug|iPhone.Deploy.0 = Debug|Any CPU
		{63402E58-89B4-499B-BBA0-A4CFCEEDC92F}.Debug|iPhoneSimulator.ActiveCfg = Debug|Any CPU
		{63402E58-89B4-499B-BBA0-A4CFCEEDC92F}.Debug|iPhoneSimulator.Build.0 = Debug|Any CPU
		{63402E58-89B4-499B-BBA0-A4CFCEEDC92F}.Debug|iPhoneSimulator.Deploy.0 = Debug|Any CPU
		{63402E58-89B4-499B-BBA0-A4CFCEEDC92F}.Debug|x64.ActiveCfg = Debug|Any CPU
		{63402E58-89B4-499B-BBA0-A4CFCEEDC92F}.Debug|x64.Build.0 = Debug|Any CPU
		{63402E58-89B4-499B-BBA0-A4CFCEEDC92F}.Debug|x64.Deploy.0 = Debug|Any CPU
		{63402E58-89B4-499B-BBA0-A4CFCEEDC92F}.Debug|x86.ActiveCfg = Debug|x86
		{63402E58-89B4-499B-BBA0-A4CFCEEDC92F}.Debug|x86.Build.0 = Debug|x86
		{63402E58-89B4-499B-BBA0-A4CFCEEDC92F}.Debug|x86.Deploy.0 = Debug|x86
		{63402E58-89B4-499B-BBA0-A4CFCEEDC92F}.Release|Any CPU.ActiveCfg = Release|Any CPU
		{63402E58-89B4-499B-BBA0-A4CFCEEDC92F}.Release|Any CPU.Build.0 = Release|Any CPU
		{63402E58-89B4-499B-BBA0-A4CFCEEDC92F}.Release|Any CPU.Deploy.0 = Release|Any CPU
		{63402E58-89B4-499B-BBA0-A4CFCEEDC92F}.Release|ARM.ActiveCfg = Release|ARM
		{63402E58-89B4-499B-BBA0-A4CFCEEDC92F}.Release|ARM.Build.0 = Release|ARM
		{63402E58-89B4-499B-BBA0-A4CFCEEDC92F}.Release|ARM.Deploy.0 = Release|ARM
		{63402E58-89B4-499B-BBA0-A4CFCEEDC92F}.Release|iPhone.ActiveCfg = Release|Any CPU
		{63402E58-89B4-499B-BBA0-A4CFCEEDC92F}.Release|iPhone.Build.0 = Release|Any CPU
		{63402E58-89B4-499B-BBA0-A4CFCEEDC92F}.Release|iPhone.Deploy.0 = Release|Any CPU
		{63402E58-89B4-499B-BBA0-A4CFCEEDC92F}.Release|iPhoneSimulator.ActiveCfg = Release|Any CPU
		{63402E58-89B4-499B-BBA0-A4CFCEEDC92F}.Release|iPhoneSimulator.Build.0 = Release|Any CPU
		{63402E58-89B4-499B-BBA0-A4CFCEEDC92F}.Release|iPhoneSimulator.Deploy.0 = Release|Any CPU
		{63402E58-89B4-499B-BBA0-A4CFCEEDC92F}.Release|x64.ActiveCfg = Release|Any CPU
		{63402E58-89B4-499B-BBA0-A4CFCEEDC92F}.Release|x64.Build.0 = Release|Any CPU
		{63402E58-89B4-499B-BBA0-A4CFCEEDC92F}.Release|x64.Deploy.0 = Release|Any CPU
		{63402E58-89B4-499B-BBA0-A4CFCEEDC92F}.Release|x86.ActiveCfg = Release|x86
		{63402E58-89B4-499B-BBA0-A4CFCEEDC92F}.Release|x86.Build.0 = Release|x86
		{63402E58-89B4-499B-BBA0-A4CFCEEDC92F}.Release|x86.Deploy.0 = Release|x86
		{8ACD4133-ACF8-4107-9291-9AE1CCE43B98}.Ad-Hoc|Any CPU.ActiveCfg = Release|x86
		{8ACD4133-ACF8-4107-9291-9AE1CCE43B98}.Ad-Hoc|Any CPU.Build.0 = Release|x86
		{8ACD4133-ACF8-4107-9291-9AE1CCE43B98}.Ad-Hoc|Any CPU.Deploy.0 = Release|x86
		{8ACD4133-ACF8-4107-9291-9AE1CCE43B98}.Ad-Hoc|ARM.ActiveCfg = Release|ARM
		{8ACD4133-ACF8-4107-9291-9AE1CCE43B98}.Ad-Hoc|ARM.Build.0 = Release|ARM
		{8ACD4133-ACF8-4107-9291-9AE1CCE43B98}.Ad-Hoc|ARM.Deploy.0 = Release|ARM
		{8ACD4133-ACF8-4107-9291-9AE1CCE43B98}.Ad-Hoc|iPhone.ActiveCfg = Release|x86
		{8ACD4133-ACF8-4107-9291-9AE1CCE43B98}.Ad-Hoc|iPhone.Build.0 = Release|x86
		{8ACD4133-ACF8-4107-9291-9AE1CCE43B98}.Ad-Hoc|iPhone.Deploy.0 = Release|x86
		{8ACD4133-ACF8-4107-9291-9AE1CCE43B98}.Ad-Hoc|iPhoneSimulator.ActiveCfg = Release|x86
		{8ACD4133-ACF8-4107-9291-9AE1CCE43B98}.Ad-Hoc|iPhoneSimulator.Build.0 = Release|x86
		{8ACD4133-ACF8-4107-9291-9AE1CCE43B98}.Ad-Hoc|iPhoneSimulator.Deploy.0 = Release|x86
		{8ACD4133-ACF8-4107-9291-9AE1CCE43B98}.Ad-Hoc|x64.ActiveCfg = Release|x64
		{8ACD4133-ACF8-4107-9291-9AE1CCE43B98}.Ad-Hoc|x64.Build.0 = Release|x64
		{8ACD4133-ACF8-4107-9291-9AE1CCE43B98}.Ad-Hoc|x64.Deploy.0 = Release|x64
		{8ACD4133-ACF8-4107-9291-9AE1CCE43B98}.Ad-Hoc|x86.ActiveCfg = Release|x86
		{8ACD4133-ACF8-4107-9291-9AE1CCE43B98}.Ad-Hoc|x86.Build.0 = Release|x86
		{8ACD4133-ACF8-4107-9291-9AE1CCE43B98}.Ad-Hoc|x86.Deploy.0 = Release|x86
		{8ACD4133-ACF8-4107-9291-9AE1CCE43B98}.AppStore|Any CPU.ActiveCfg = Release|x86
		{8ACD4133-ACF8-4107-9291-9AE1CCE43B98}.AppStore|Any CPU.Build.0 = Release|x86
		{8ACD4133-ACF8-4107-9291-9AE1CCE43B98}.AppStore|Any CPU.Deploy.0 = Release|x86
		{8ACD4133-ACF8-4107-9291-9AE1CCE43B98}.AppStore|ARM.ActiveCfg = Release|ARM
		{8ACD4133-ACF8-4107-9291-9AE1CCE43B98}.AppStore|ARM.Build.0 = Release|ARM
		{8ACD4133-ACF8-4107-9291-9AE1CCE43B98}.AppStore|ARM.Deploy.0 = Release|ARM
		{8ACD4133-ACF8-4107-9291-9AE1CCE43B98}.AppStore|iPhone.ActiveCfg = Release|x86
		{8ACD4133-ACF8-4107-9291-9AE1CCE43B98}.AppStore|iPhone.Build.0 = Release|x86
		{8ACD4133-ACF8-4107-9291-9AE1CCE43B98}.AppStore|iPhone.Deploy.0 = Release|x86
		{8ACD4133-ACF8-4107-9291-9AE1CCE43B98}.AppStore|iPhoneSimulator.ActiveCfg = Release|x86
		{8ACD4133-ACF8-4107-9291-9AE1CCE43B98}.AppStore|iPhoneSimulator.Build.0 = Release|x86
		{8ACD4133-ACF8-4107-9291-9AE1CCE43B98}.AppStore|iPhoneSimulator.Deploy.0 = Release|x86
		{8ACD4133-ACF8-4107-9291-9AE1CCE43B98}.AppStore|x64.ActiveCfg = Release|x64
		{8ACD4133-ACF8-4107-9291-9AE1CCE43B98}.AppStore|x64.Build.0 = Release|x64
		{8ACD4133-ACF8-4107-9291-9AE1CCE43B98}.AppStore|x64.Deploy.0 = Release|x64
		{8ACD4133-ACF8-4107-9291-9AE1CCE43B98}.AppStore|x86.ActiveCfg = Release|x86
		{8ACD4133-ACF8-4107-9291-9AE1CCE43B98}.AppStore|x86.Build.0 = Release|x86
		{8ACD4133-ACF8-4107-9291-9AE1CCE43B98}.AppStore|x86.Deploy.0 = Release|x86
		{8ACD4133-ACF8-4107-9291-9AE1CCE43B98}.Debug|Any CPU.ActiveCfg = Debug|x86
		{8ACD4133-ACF8-4107-9291-9AE1CCE43B98}.Debug|ARM.ActiveCfg = Debug|ARM
		{8ACD4133-ACF8-4107-9291-9AE1CCE43B98}.Debug|ARM.Build.0 = Debug|ARM
		{8ACD4133-ACF8-4107-9291-9AE1CCE43B98}.Debug|ARM.Deploy.0 = Debug|ARM
		{8ACD4133-ACF8-4107-9291-9AE1CCE43B98}.Debug|iPhone.ActiveCfg = Debug|x86
		{8ACD4133-ACF8-4107-9291-9AE1CCE43B98}.Debug|iPhoneSimulator.ActiveCfg = Debug|x86
		{8ACD4133-ACF8-4107-9291-9AE1CCE43B98}.Debug|x64.ActiveCfg = Debug|x64
		{8ACD4133-ACF8-4107-9291-9AE1CCE43B98}.Debug|x64.Build.0 = Debug|x64
		{8ACD4133-ACF8-4107-9291-9AE1CCE43B98}.Debug|x64.Deploy.0 = Debug|x64
		{8ACD4133-ACF8-4107-9291-9AE1CCE43B98}.Debug|x86.ActiveCfg = Debug|x86
		{8ACD4133-ACF8-4107-9291-9AE1CCE43B98}.Debug|x86.Build.0 = Debug|x86
		{8ACD4133-ACF8-4107-9291-9AE1CCE43B98}.Debug|x86.Deploy.0 = Debug|x86
		{8ACD4133-ACF8-4107-9291-9AE1CCE43B98}.Release|Any CPU.ActiveCfg = Release|x86
		{8ACD4133-ACF8-4107-9291-9AE1CCE43B98}.Release|ARM.ActiveCfg = Release|ARM
		{8ACD4133-ACF8-4107-9291-9AE1CCE43B98}.Release|ARM.Build.0 = Release|ARM
		{8ACD4133-ACF8-4107-9291-9AE1CCE43B98}.Release|ARM.Deploy.0 = Release|ARM
		{8ACD4133-ACF8-4107-9291-9AE1CCE43B98}.Release|iPhone.ActiveCfg = Release|x86
		{8ACD4133-ACF8-4107-9291-9AE1CCE43B98}.Release|iPhoneSimulator.ActiveCfg = Release|x86
		{8ACD4133-ACF8-4107-9291-9AE1CCE43B98}.Release|x64.ActiveCfg = Release|x64
		{8ACD4133-ACF8-4107-9291-9AE1CCE43B98}.Release|x64.Build.0 = Release|x64
		{8ACD4133-ACF8-4107-9291-9AE1CCE43B98}.Release|x64.Deploy.0 = Release|x64
		{8ACD4133-ACF8-4107-9291-9AE1CCE43B98}.Release|x86.ActiveCfg = Release|x86
		{8ACD4133-ACF8-4107-9291-9AE1CCE43B98}.Release|x86.Build.0 = Release|x86
		{8ACD4133-ACF8-4107-9291-9AE1CCE43B98}.Release|x86.Deploy.0 = Release|x86
		{20DD5489-2F0F-48A1-A8BE-1C91A385C887}.Ad-Hoc|Any CPU.ActiveCfg = Release|Any CPU
		{20DD5489-2F0F-48A1-A8BE-1C91A385C887}.Ad-Hoc|Any CPU.Build.0 = Release|Any CPU
		{20DD5489-2F0F-48A1-A8BE-1C91A385C887}.Ad-Hoc|Any CPU.Deploy.0 = Release|Any CPU
		{20DD5489-2F0F-48A1-A8BE-1C91A385C887}.Ad-Hoc|ARM.ActiveCfg = Release|ARM
		{20DD5489-2F0F-48A1-A8BE-1C91A385C887}.Ad-Hoc|ARM.Build.0 = Release|ARM
		{20DD5489-2F0F-48A1-A8BE-1C91A385C887}.Ad-Hoc|ARM.Deploy.0 = Release|ARM
		{20DD5489-2F0F-48A1-A8BE-1C91A385C887}.Ad-Hoc|iPhone.ActiveCfg = Release|Any CPU
		{20DD5489-2F0F-48A1-A8BE-1C91A385C887}.Ad-Hoc|iPhone.Build.0 = Release|Any CPU
		{20DD5489-2F0F-48A1-A8BE-1C91A385C887}.Ad-Hoc|iPhone.Deploy.0 = Release|Any CPU
		{20DD5489-2F0F-48A1-A8BE-1C91A385C887}.Ad-Hoc|iPhoneSimulator.ActiveCfg = Release|Any CPU
		{20DD5489-2F0F-48A1-A8BE-1C91A385C887}.Ad-Hoc|iPhoneSimulator.Build.0 = Release|Any CPU
		{20DD5489-2F0F-48A1-A8BE-1C91A385C887}.Ad-Hoc|iPhoneSimulator.Deploy.0 = Release|Any CPU
		{20DD5489-2F0F-48A1-A8BE-1C91A385C887}.Ad-Hoc|x64.ActiveCfg = Release|x64
		{20DD5489-2F0F-48A1-A8BE-1C91A385C887}.Ad-Hoc|x64.Build.0 = Release|x64
		{20DD5489-2F0F-48A1-A8BE-1C91A385C887}.Ad-Hoc|x64.Deploy.0 = Release|x64
		{20DD5489-2F0F-48A1-A8BE-1C91A385C887}.Ad-Hoc|x86.ActiveCfg = Release|x86
		{20DD5489-2F0F-48A1-A8BE-1C91A385C887}.Ad-Hoc|x86.Build.0 = Release|x86
		{20DD5489-2F0F-48A1-A8BE-1C91A385C887}.Ad-Hoc|x86.Deploy.0 = Release|x86
		{20DD5489-2F0F-48A1-A8BE-1C91A385C887}.AppStore|Any CPU.ActiveCfg = Release|Any CPU
		{20DD5489-2F0F-48A1-A8BE-1C91A385C887}.AppStore|Any CPU.Build.0 = Release|Any CPU
		{20DD5489-2F0F-48A1-A8BE-1C91A385C887}.AppStore|Any CPU.Deploy.0 = Release|Any CPU
		{20DD5489-2F0F-48A1-A8BE-1C91A385C887}.AppStore|ARM.ActiveCfg = Release|ARM
		{20DD5489-2F0F-48A1-A8BE-1C91A385C887}.AppStore|ARM.Build.0 = Release|ARM
		{20DD5489-2F0F-48A1-A8BE-1C91A385C887}.AppStore|ARM.Deploy.0 = Release|ARM
		{20DD5489-2F0F-48A1-A8BE-1C91A385C887}.AppStore|iPhone.ActiveCfg = Release|Any CPU
		{20DD5489-2F0F-48A1-A8BE-1C91A385C887}.AppStore|iPhone.Build.0 = Release|Any CPU
		{20DD5489-2F0F-48A1-A8BE-1C91A385C887}.AppStore|iPhone.Deploy.0 = Release|Any CPU
		{20DD5489-2F0F-48A1-A8BE-1C91A385C887}.AppStore|iPhoneSimulator.ActiveCfg = Release|Any CPU
		{20DD5489-2F0F-48A1-A8BE-1C91A385C887}.AppStore|iPhoneSimulator.Build.0 = Release|Any CPU
		{20DD5489-2F0F-48A1-A8BE-1C91A385C887}.AppStore|iPhoneSimulator.Deploy.0 = Release|Any CPU
		{20DD5489-2F0F-48A1-A8BE-1C91A385C887}.AppStore|x64.ActiveCfg = Release|x64
		{20DD5489-2F0F-48A1-A8BE-1C91A385C887}.AppStore|x64.Build.0 = Release|x64
		{20DD5489-2F0F-48A1-A8BE-1C91A385C887}.AppStore|x64.Deploy.0 = Release|x64
		{20DD5489-2F0F-48A1-A8BE-1C91A385C887}.AppStore|x86.ActiveCfg = Release|x86
		{20DD5489-2F0F-48A1-A8BE-1C91A385C887}.AppStore|x86.Build.0 = Release|x86
		{20DD5489-2F0F-48A1-A8BE-1C91A385C887}.AppStore|x86.Deploy.0 = Release|x86
		{20DD5489-2F0F-48A1-A8BE-1C91A385C887}.Debug|Any CPU.ActiveCfg = Debug|Any CPU
		{20DD5489-2F0F-48A1-A8BE-1C91A385C887}.Debug|Any CPU.Build.0 = Debug|Any CPU
		{20DD5489-2F0F-48A1-A8BE-1C91A385C887}.Debug|Any CPU.Deploy.0 = Debug|Any CPU
		{20DD5489-2F0F-48A1-A8BE-1C91A385C887}.Debug|ARM.ActiveCfg = Debug|ARM
		{20DD5489-2F0F-48A1-A8BE-1C91A385C887}.Debug|ARM.Build.0 = Debug|ARM
		{20DD5489-2F0F-48A1-A8BE-1C91A385C887}.Debug|ARM.Deploy.0 = Debug|ARM
		{20DD5489-2F0F-48A1-A8BE-1C91A385C887}.Debug|iPhone.ActiveCfg = Debug|Any CPU
		{20DD5489-2F0F-48A1-A8BE-1C91A385C887}.Debug|iPhone.Build.0 = Debug|Any CPU
		{20DD5489-2F0F-48A1-A8BE-1C91A385C887}.Debug|iPhone.Deploy.0 = Debug|Any CPU
		{20DD5489-2F0F-48A1-A8BE-1C91A385C887}.Debug|iPhoneSimulator.ActiveCfg = Debug|Any CPU
		{20DD5489-2F0F-48A1-A8BE-1C91A385C887}.Debug|iPhoneSimulator.Build.0 = Debug|Any CPU
		{20DD5489-2F0F-48A1-A8BE-1C91A385C887}.Debug|iPhoneSimulator.Deploy.0 = Debug|Any CPU
		{20DD5489-2F0F-48A1-A8BE-1C91A385C887}.Debug|x64.ActiveCfg = Debug|x64
		{20DD5489-2F0F-48A1-A8BE-1C91A385C887}.Debug|x64.Build.0 = Debug|x64
		{20DD5489-2F0F-48A1-A8BE-1C91A385C887}.Debug|x64.Deploy.0 = Debug|x64
		{20DD5489-2F0F-48A1-A8BE-1C91A385C887}.Debug|x86.ActiveCfg = Debug|x86
		{20DD5489-2F0F-48A1-A8BE-1C91A385C887}.Debug|x86.Build.0 = Debug|x86
		{20DD5489-2F0F-48A1-A8BE-1C91A385C887}.Debug|x86.Deploy.0 = Debug|x86
		{20DD5489-2F0F-48A1-A8BE-1C91A385C887}.Release|Any CPU.ActiveCfg = Release|Any CPU
		{20DD5489-2F0F-48A1-A8BE-1C91A385C887}.Release|Any CPU.Build.0 = Release|Any CPU
		{20DD5489-2F0F-48A1-A8BE-1C91A385C887}.Release|Any CPU.Deploy.0 = Release|Any CPU
		{20DD5489-2F0F-48A1-A8BE-1C91A385C887}.Release|ARM.ActiveCfg = Release|ARM
		{20DD5489-2F0F-48A1-A8BE-1C91A385C887}.Release|ARM.Build.0 = Release|ARM
		{20DD5489-2F0F-48A1-A8BE-1C91A385C887}.Release|ARM.Deploy.0 = Release|ARM
		{20DD5489-2F0F-48A1-A8BE-1C91A385C887}.Release|iPhone.ActiveCfg = Release|Any CPU
		{20DD5489-2F0F-48A1-A8BE-1C91A385C887}.Release|iPhone.Build.0 = Release|Any CPU
		{20DD5489-2F0F-48A1-A8BE-1C91A385C887}.Release|iPhone.Deploy.0 = Release|Any CPU
		{20DD5489-2F0F-48A1-A8BE-1C91A385C887}.Release|iPhoneSimulator.ActiveCfg = Release|Any CPU
		{20DD5489-2F0F-48A1-A8BE-1C91A385C887}.Release|iPhoneSimulator.Build.0 = Release|Any CPU
		{20DD5489-2F0F-48A1-A8BE-1C91A385C887}.Release|iPhoneSimulator.Deploy.0 = Release|Any CPU
		{20DD5489-2F0F-48A1-A8BE-1C91A385C887}.Release|x64.ActiveCfg = Release|x64
		{20DD5489-2F0F-48A1-A8BE-1C91A385C887}.Release|x64.Build.0 = Release|x64
		{20DD5489-2F0F-48A1-A8BE-1C91A385C887}.Release|x64.Deploy.0 = Release|x64
		{20DD5489-2F0F-48A1-A8BE-1C91A385C887}.Release|x86.ActiveCfg = Release|x86
		{20DD5489-2F0F-48A1-A8BE-1C91A385C887}.Release|x86.Build.0 = Release|x86
		{20DD5489-2F0F-48A1-A8BE-1C91A385C887}.Release|x86.Deploy.0 = Release|x86
		{79560413-C32A-4A74-91D9-D3BEDC68B3F7}.Ad-Hoc|Any CPU.ActiveCfg = Release|Any CPU
		{79560413-C32A-4A74-91D9-D3BEDC68B3F7}.Ad-Hoc|Any CPU.Build.0 = Release|Any CPU
		{79560413-C32A-4A74-91D9-D3BEDC68B3F7}.Ad-Hoc|ARM.ActiveCfg = Release|Any CPU
		{79560413-C32A-4A74-91D9-D3BEDC68B3F7}.Ad-Hoc|ARM.Build.0 = Release|Any CPU
		{79560413-C32A-4A74-91D9-D3BEDC68B3F7}.Ad-Hoc|iPhone.ActiveCfg = Release|Any CPU
		{79560413-C32A-4A74-91D9-D3BEDC68B3F7}.Ad-Hoc|iPhone.Build.0 = Release|Any CPU
		{79560413-C32A-4A74-91D9-D3BEDC68B3F7}.Ad-Hoc|iPhoneSimulator.ActiveCfg = Release|Any CPU
		{79560413-C32A-4A74-91D9-D3BEDC68B3F7}.Ad-Hoc|iPhoneSimulator.Build.0 = Release|Any CPU
		{79560413-C32A-4A74-91D9-D3BEDC68B3F7}.Ad-Hoc|x64.ActiveCfg = Release|Any CPU
		{79560413-C32A-4A74-91D9-D3BEDC68B3F7}.Ad-Hoc|x64.Build.0 = Release|Any CPU
		{79560413-C32A-4A74-91D9-D3BEDC68B3F7}.Ad-Hoc|x86.ActiveCfg = Release|Any CPU
		{79560413-C32A-4A74-91D9-D3BEDC68B3F7}.Ad-Hoc|x86.Build.0 = Release|Any CPU
		{79560413-C32A-4A74-91D9-D3BEDC68B3F7}.AppStore|Any CPU.ActiveCfg = Release|Any CPU
		{79560413-C32A-4A74-91D9-D3BEDC68B3F7}.AppStore|Any CPU.Build.0 = Release|Any CPU
		{79560413-C32A-4A74-91D9-D3BEDC68B3F7}.AppStore|ARM.ActiveCfg = Release|Any CPU
		{79560413-C32A-4A74-91D9-D3BEDC68B3F7}.AppStore|ARM.Build.0 = Release|Any CPU
		{79560413-C32A-4A74-91D9-D3BEDC68B3F7}.AppStore|iPhone.ActiveCfg = Release|Any CPU
		{79560413-C32A-4A74-91D9-D3BEDC68B3F7}.AppStore|iPhone.Build.0 = Release|Any CPU
		{79560413-C32A-4A74-91D9-D3BEDC68B3F7}.AppStore|iPhoneSimulator.ActiveCfg = Release|Any CPU
		{79560413-C32A-4A74-91D9-D3BEDC68B3F7}.AppStore|iPhoneSimulator.Build.0 = Release|Any CPU
		{79560413-C32A-4A74-91D9-D3BEDC68B3F7}.AppStore|x64.ActiveCfg = Release|Any CPU
		{79560413-C32A-4A74-91D9-D3BEDC68B3F7}.AppStore|x64.Build.0 = Release|Any CPU
		{79560413-C32A-4A74-91D9-D3BEDC68B3F7}.AppStore|x86.ActiveCfg = Release|Any CPU
		{79560413-C32A-4A74-91D9-D3BEDC68B3F7}.AppStore|x86.Build.0 = Release|Any CPU
		{79560413-C32A-4A74-91D9-D3BEDC68B3F7}.Debug|Any CPU.ActiveCfg = Debug|Any CPU
		{79560413-C32A-4A74-91D9-D3BEDC68B3F7}.Debug|Any CPU.Build.0 = Debug|Any CPU
		{79560413-C32A-4A74-91D9-D3BEDC68B3F7}.Debug|ARM.ActiveCfg = Debug|Any CPU
		{79560413-C32A-4A74-91D9-D3BEDC68B3F7}.Debug|ARM.Build.0 = Debug|Any CPU
		{79560413-C32A-4A74-91D9-D3BEDC68B3F7}.Debug|iPhone.ActiveCfg = Debug|Any CPU
		{79560413-C32A-4A74-91D9-D3BEDC68B3F7}.Debug|iPhone.Build.0 = Debug|Any CPU
		{79560413-C32A-4A74-91D9-D3BEDC68B3F7}.Debug|iPhoneSimulator.ActiveCfg = Debug|Any CPU
		{79560413-C32A-4A74-91D9-D3BEDC68B3F7}.Debug|iPhoneSimulator.Build.0 = Debug|Any CPU
		{79560413-C32A-4A74-91D9-D3BEDC68B3F7}.Debug|x64.ActiveCfg = Debug|Any CPU
		{79560413-C32A-4A74-91D9-D3BEDC68B3F7}.Debug|x64.Build.0 = Debug|Any CPU
		{79560413-C32A-4A74-91D9-D3BEDC68B3F7}.Debug|x86.ActiveCfg = Debug|Any CPU
		{79560413-C32A-4A74-91D9-D3BEDC68B3F7}.Debug|x86.Build.0 = Debug|Any CPU
		{79560413-C32A-4A74-91D9-D3BEDC68B3F7}.Release|Any CPU.ActiveCfg = Release|Any CPU
		{79560413-C32A-4A74-91D9-D3BEDC68B3F7}.Release|Any CPU.Build.0 = Release|Any CPU
		{79560413-C32A-4A74-91D9-D3BEDC68B3F7}.Release|ARM.ActiveCfg = Release|Any CPU
		{79560413-C32A-4A74-91D9-D3BEDC68B3F7}.Release|ARM.Build.0 = Release|Any CPU
		{79560413-C32A-4A74-91D9-D3BEDC68B3F7}.Release|iPhone.ActiveCfg = Release|Any CPU
		{79560413-C32A-4A74-91D9-D3BEDC68B3F7}.Release|iPhone.Build.0 = Release|Any CPU
		{79560413-C32A-4A74-91D9-D3BEDC68B3F7}.Release|iPhoneSimulator.ActiveCfg = Release|Any CPU
		{79560413-C32A-4A74-91D9-D3BEDC68B3F7}.Release|iPhoneSimulator.Build.0 = Release|Any CPU
		{79560413-C32A-4A74-91D9-D3BEDC68B3F7}.Release|x64.ActiveCfg = Release|Any CPU
		{79560413-C32A-4A74-91D9-D3BEDC68B3F7}.Release|x64.Build.0 = Release|Any CPU
		{79560413-C32A-4A74-91D9-D3BEDC68B3F7}.Release|x86.ActiveCfg = Release|Any CPU
		{79560413-C32A-4A74-91D9-D3BEDC68B3F7}.Release|x86.Build.0 = Release|Any CPU
	EndGlobalSection
	GlobalSection(SolutionProperties) = preSolution
		HideSolutionNode = FALSE
	EndGlobalSection
EndGlobal
